
Microsoft Visual Studio Solution File, Format Version 12.00
# Visual Studio Version 16
VisualStudioVersion = 16.0.30128.74
MinimumVisualStudioVersion = 10.0.40219.1
Project("{FAE04EC0-301F-11D3-BF4B-00C04F79EFBC}") = "ConsoleApp1", "ConsoleApp1\ConsoleApp1.csproj", "{76645B7D-DC50-4259-A434-2D304ED29F3E}"
EndProject
Global
	GlobalSection(SolutionConfigurationPlatforms) = preSolution
		Debug|Any CPU = Debug|Any CPU
		Release|Any CPU = Release|Any CPU
	EndGlobalSection
	GlobalSection(ProjectConfigurationPlatforms) = postSolution
		{76645B7D-DC50-4259-A434-2D304ED29F3E}.Debug|Any CPU.ActiveCfg = Debug|Any CPU
		{76645B7D-DC50-4259-A434-2D304ED29F3E}.Debug|Any CPU.Build.0 = Debug|Any CPU
		{76645B7D-DC50-4259-A434-2D304ED29F3E}.Release|Any CPU.ActiveCfg = Release|Any CPU
		{76645B7D-DC50-4259-A434-2D304ED29F3E}.Release|Any CPU.Build.0 = Release|Any CPU
	EndGlobalSection
	GlobalSection(SolutionProperties) = preSolution
		HideSolutionNode = FALSE
	EndGlobalSection
	GlobalSection(ExtensibilityGlobals) = postSolution
		SolutionGuid = {8E9C311A-526B-4F10-8DFC-D2BAC8E0DF75}
	EndGlobalSection
EndGlobal
